
Microsoft Visual Studio Solution File, Format Version 12.00
# Visual Studio Version 17
VisualStudioVersion = 17.6.33829.357
MinimumVisualStudioVersion = 10.0.40219.1
Project("{9A19103F-16F7-4668-BE54-9A1E7A4F7556}") = "Bookstore", "Bookstore\Bookstore.csproj", "{7C025038-6B36-462E-9A11-8DA851E15EA6}"
EndProject
Project("{FAE04EC0-301F-11D3-BF4B-00C04F79EFBC}") = "TestProject", "TestProject\TestProject.csproj", "{31E3CE84-6564-4ADA-A12D-9F10424C5C38}"
EndProject
Global
	GlobalSection(SolutionConfigurationPlatforms) = preSolution
		Debug|Any CPU = Debug|Any CPU
		Release|Any CPU = Release|Any CPU
	EndGlobalSection
	GlobalSection(ProjectConfigurationPlatforms) = postSolution
		{7C025038-6B36-462E-9A11-8DA851E15EA6}.Debug|Any CPU.ActiveCfg = Debug|Any CPU
		{7C025038-6B36-462E-9A11-8DA851E15EA6}.Debug|Any CPU.Build.0 = Debug|Any CPU
		{7C025038-6B36-462E-9A11-8DA851E15EA6}.Release|Any CPU.ActiveCfg = Release|Any CPU
		{7C025038-6B36-462E-9A11-8DA851E15EA6}.Release|Any CPU.Build.0 = Release|Any CPU
		{31E3CE84-6564-4ADA-A12D-9F10424C5C38}.Debug|Any CPU.ActiveCfg = Debug|Any CPU
		{31E3CE84-6564-4ADA-A12D-9F10424C5C38}.Debug|Any CPU.Build.0 = Debug|Any CPU
		{31E3CE84-6564-4ADA-A12D-9F10424C5C38}.Release|Any CPU.ActiveCfg = Release|Any CPU
		{31E3CE84-6564-4ADA-A12D-9F10424C5C38}.Release|Any CPU.Build.0 = Release|Any CPU
	EndGlobalSection
	GlobalSection(SolutionProperties) = preSolution
		HideSolutionNode = FALSE
	EndGlobalSection
	GlobalSection(ExtensibilityGlobals) = postSolution
		SolutionGuid = {AB6475BB-70F3-4498-8780-B0C712EFD69B}
	EndGlobalSection
EndGlobal
